
Microsoft Visual Studio Solution File, Format Version 12.00
# Visual Studio Version 17
VisualStudioVersion = 17.1.32421.90
MinimumVisualStudioVersion = 10.0.40219.1
Project("{FAE04EC0-301F-11D3-BF4B-00C04F79EFBC}") = "KnyguKlase", "KnyguKlase\KnyguKlase.csproj", "{D141778E-ACDC-4B00-B3C6-6705CC0FCE7E}"
EndProject
Global
	GlobalSection(SolutionConfigurationPlatforms) = preSolution
		Debug|Any CPU = Debug|Any CPU
		Release|Any CPU = Release|Any CPU
	EndGlobalSection
	GlobalSection(ProjectConfigurationPlatforms) = postSolution
		{D141778E-ACDC-4B00-B3C6-6705CC0FCE7E}.Debug|Any CPU.ActiveCfg = Debug|Any CPU
		{D141778E-ACDC-4B00-B3C6-6705CC0FCE7E}.Debug|Any CPU.Build.0 = Debug|Any CPU
		{D141778E-ACDC-4B00-B3C6-6705CC0FCE7E}.Release|Any CPU.ActiveCfg = Release|Any CPU
		{D141778E-ACDC-4B00-B3C6-6705CC0FCE7E}.Release|Any CPU.Build.0 = Release|Any CPU
	EndGlobalSection
	GlobalSection(SolutionProperties) = preSolution
		HideSolutionNode = FALSE
	EndGlobalSection
	GlobalSection(ExtensibilityGlobals) = postSolution
		SolutionGuid = {9452CCD7-3473-4D82-A418-521DFB7622B6}
	EndGlobalSection
EndGlobal
